
Microsoft Visual Studio Solution File, Format Version 12.00
# Visual Studio Version 16
VisualStudioVersion = 16.0.32126.315
MinimumVisualStudioVersion = 10.0.40219.1
Project("{FAE04EC0-301F-11D3-BF4B-00C04F79EFBC}") = "dbconnection_AZeem", "dbconnection_AZeem.csproj", "{C5F45B41-3010-4644-AB19-539D0ECF7737}"
EndProject
Global
	GlobalSection(SolutionConfigurationPlatforms) = preSolution
		Debug|Any CPU = Debug|Any CPU
		Release|Any CPU = Release|Any CPU
	EndGlobalSection
	GlobalSection(ProjectConfigurationPlatforms) = postSolution
		{C5F45B41-3010-4644-AB19-539D0ECF7737}.Debug|Any CPU.ActiveCfg = Debug|Any CPU
		{C5F45B41-3010-4644-AB19-539D0ECF7737}.Debug|Any CPU.Build.0 = Debug|Any CPU
		{C5F45B41-3010-4644-AB19-539D0ECF7737}.Release|Any CPU.ActiveCfg = Release|Any CPU
		{C5F45B41-3010-4644-AB19-539D0ECF7737}.Release|Any CPU.Build.0 = Release|Any CPU
	EndGlobalSection
	GlobalSection(SolutionProperties) = preSolution
		HideSolutionNode = FALSE
	EndGlobalSection
	GlobalSection(ExtensibilityGlobals) = postSolution
		SolutionGuid = {A63D2E08-527A-43FD-A5BF-D3AA310F611F}
	EndGlobalSection
EndGlobal
